
Microsoft Visual Studio Solution File, Format Version 12.00
# Visual Studio 2012
Project("{FAE04EC0-301F-11D3-BF4B-00C04F79EFBC}") = "DaumMap.Android", "DaumMap.Android\DaumMap.Android.csproj", "{132390A4-AE5A-4C2B-9024-4369186B1B89}"
EndProject
Project("{FAE04EC0-301F-11D3-BF4B-00C04F79EFBC}") = "DaumMap.Android.Sample", "DaumMap.Android.Sample\DaumMap.Android.Sample.csproj", "{82C497B6-95B0-49D2-8420-A8D40EED9DB3}"
EndProject
Global
	GlobalSection(SolutionConfigurationPlatforms) = preSolution
		Debug|Any CPU = Debug|Any CPU
		Release|Any CPU = Release|Any CPU
	EndGlobalSection
	GlobalSection(ProjectConfigurationPlatforms) = postSolution
		{132390A4-AE5A-4C2B-9024-4369186B1B89}.Debug|Any CPU.ActiveCfg = Debug|Any CPU
		{132390A4-AE5A-4C2B-9024-4369186B1B89}.Debug|Any CPU.Build.0 = Debug|Any CPU
		{132390A4-AE5A-4C2B-9024-4369186B1B89}.Release|Any CPU.ActiveCfg = Release|Any CPU
		{132390A4-AE5A-4C2B-9024-4369186B1B89}.Release|Any CPU.Build.0 = Release|Any CPU
		{82C497B6-95B0-49D2-8420-A8D40EED9DB3}.Debug|Any CPU.ActiveCfg = Debug|Any CPU
		{82C497B6-95B0-49D2-8420-A8D40EED9DB3}.Debug|Any CPU.Build.0 = Debug|Any CPU
		{82C497B6-95B0-49D2-8420-A8D40EED9DB3}.Release|Any CPU.ActiveCfg = Release|Any CPU
		{82C497B6-95B0-49D2-8420-A8D40EED9DB3}.Release|Any CPU.Build.0 = Release|Any CPU
	EndGlobalSection
EndGlobal
